
Microsoft Visual Studio Solution File, Format Version 12.00
# Visual Studio Version 16
VisualStudioVersion = 16.0.31205.134
MinimumVisualStudioVersion = 10.0.40219.1
Project("{9A19103F-16F7-4668-BE54-9A1E7A4F7556}") = "Zoo", "Zoo\Zoo.csproj", "{D1EDBE4E-3D73-42B1-82AC-1A958F0128E8}"
EndProject
Project("{9A19103F-16F7-4668-BE54-9A1E7A4F7556}") = "Zoo.Models", "Zoo.Models\Zoo.Models.csproj", "{B1947810-0134-41E3-85BD-3DF28C3FDD11}"
EndProject
Project("{9A19103F-16F7-4668-BE54-9A1E7A4F7556}") = "WPFGrid.Utils", "WPFGrid.Utils\WPFGrid.Utils.csproj", "{9A1D25CC-8C78-4ADA-B8DB-D589EC9B159F}"
EndProject
Project("{FAE04EC0-301F-11D3-BF4B-00C04F79EFBC}") = "ZooTests", "ZooTests\ZooTests.csproj", "{5CF574E9-0A6A-46ED-AF78-E7D6FFE0CD07}"
EndProject
Global
	GlobalSection(SolutionConfigurationPlatforms) = preSolution
		Debug|Any CPU = Debug|Any CPU
		Release|Any CPU = Release|Any CPU
	EndGlobalSection
	GlobalSection(ProjectConfigurationPlatforms) = postSolution
		{D1EDBE4E-3D73-42B1-82AC-1A958F0128E8}.Debug|Any CPU.ActiveCfg = Debug|Any CPU
		{D1EDBE4E-3D73-42B1-82AC-1A958F0128E8}.Debug|Any CPU.Build.0 = Debug|Any CPU
		{D1EDBE4E-3D73-42B1-82AC-1A958F0128E8}.Release|Any CPU.ActiveCfg = Release|Any CPU
		{D1EDBE4E-3D73-42B1-82AC-1A958F0128E8}.Release|Any CPU.Build.0 = Release|Any CPU
		{B1947810-0134-41E3-85BD-3DF28C3FDD11}.Debug|Any CPU.ActiveCfg = Debug|Any CPU
		{B1947810-0134-41E3-85BD-3DF28C3FDD11}.Debug|Any CPU.Build.0 = Debug|Any CPU
		{B1947810-0134-41E3-85BD-3DF28C3FDD11}.Release|Any CPU.ActiveCfg = Release|Any CPU
		{B1947810-0134-41E3-85BD-3DF28C3FDD11}.Release|Any CPU.Build.0 = Release|Any CPU
		{9A1D25CC-8C78-4ADA-B8DB-D589EC9B159F}.Debug|Any CPU.ActiveCfg = Debug|Any CPU
		{9A1D25CC-8C78-4ADA-B8DB-D589EC9B159F}.Debug|Any CPU.Build.0 = Debug|Any CPU
		{9A1D25CC-8C78-4ADA-B8DB-D589EC9B159F}.Release|Any CPU.ActiveCfg = Release|Any CPU
		{9A1D25CC-8C78-4ADA-B8DB-D589EC9B159F}.Release|Any CPU.Build.0 = Release|Any CPU
		{5CF574E9-0A6A-46ED-AF78-E7D6FFE0CD07}.Debug|Any CPU.ActiveCfg = Debug|Any CPU
		{5CF574E9-0A6A-46ED-AF78-E7D6FFE0CD07}.Debug|Any CPU.Build.0 = Debug|Any CPU
		{5CF574E9-0A6A-46ED-AF78-E7D6FFE0CD07}.Release|Any CPU.ActiveCfg = Release|Any CPU
		{5CF574E9-0A6A-46ED-AF78-E7D6FFE0CD07}.Release|Any CPU.Build.0 = Release|Any CPU
	EndGlobalSection
	GlobalSection(SolutionProperties) = preSolution
		HideSolutionNode = FALSE
	EndGlobalSection
	GlobalSection(ExtensibilityGlobals) = postSolution
		SolutionGuid = {F6E88700-D680-4B9C-B301-2578619B8ACC}
	EndGlobalSection
EndGlobal
